
Microsoft Visual Studio Solution File, Format Version 12.00
# Visual Studio Version 17
VisualStudioVersion = 17.13.35919.96
MinimumVisualStudioVersion = 10.0.40219.1
Project("{2150E333-8FDC-42A3-9474-1A3956D46DE8}") = "services", "services", "{02EA681E-C7D8-13C7-8484-4AC65E1B71E8}"
EndProject
Project("{2150E333-8FDC-42A3-9474-1A3956D46DE8}") = "AuthService", "AuthService", "{74B566B6-CEFE-4AEF-B738-42702A400E21}"
EndProject
Project("{2150E333-8FDC-42A3-9474-1A3956D46DE8}") = "api", "api", "{2C7F91B7-5746-474D-A100-16C90BA78110}"
EndProject
Project("{2150E333-8FDC-42A3-9474-1A3956D46DE8}") = "src", "src", "{F27622F5-F43D-4950-908E-F0F41ABDB8BA}"
EndProject
Project("{2150E333-8FDC-42A3-9474-1A3956D46DE8}") = "core", "core", "{2657CEA3-0E45-4090-AFED-04B74D551962}"
EndProject
Project("{2150E333-8FDC-42A3-9474-1A3956D46DE8}") = "infrastructure", "infrastructure", "{E4010F3C-C5C5-4DC4-AB17-E03CC2491CE2}"
EndProject
Project("{FAE04EC0-301F-11D3-BF4B-00C04F79EFBC}") = "LawyerBasket.AuthService.Api", "LawyerBasket.AuthService\LawyerBasket.AuthService.Api\LawyerBasket.AuthService.Api.csproj", "{52FA0137-F336-41F3-8490-BA888F5E8DCA}"
EndProject
Project("{FAE04EC0-301F-11D3-BF4B-00C04F79EFBC}") = "LawyerBasket.AuthService.Domain", "LawyerBasket.AuthService\LawyerBasket.AuthService.Domain\LawyerBasket.AuthService.Domain.csproj", "{F58FA0B8-220F-4785-81CD-6854CA23ACB6}"
EndProject
Project("{FAE04EC0-301F-11D3-BF4B-00C04F79EFBC}") = "LawyerBasket.AuthService.Data", "LawyerBasket.AuthService\LawyerBasket.AuthService.Data\LawyerBasket.AuthService.Data.csproj", "{9AB99FEA-F5D0-4B3D-A58F-65376D97CADA}"
EndProject
Project("{FAE04EC0-301F-11D3-BF4B-00C04F79EFBC}") = "LawyerBasket.AuthService.Application", "LawyerBasket.AuthService\LawyerBasket.AuthService.Application\LawyerBasket.AuthService.Application.csproj", "{8D2607C5-1CA3-489D-B72D-37F4D96A69C3}"
EndProject
Project("{FAE04EC0-301F-11D3-BF4B-00C04F79EFBC}") = "LawyerBasket.AuthService.Infrastructure", "LawyerBasket.AuthService\LawyerBasket.AuthService.Infrastructure\LawyerBasket.AuthService.Infrastructure.csproj", "{22E2EE68-70C0-4A75-980E-1B4164D6A548}"
EndProject
Project("{2150E333-8FDC-42A3-9474-1A3956D46DE8}") = "ProfileService", "ProfileService", "{BA8D80C9-AE57-4C69-93F5-F7F664EB12E1}"
EndProject
Project("{2150E333-8FDC-42A3-9474-1A3956D46DE8}") = "api", "api", "{FDB8EB4D-CC2A-4D5C-8F15-F361D2674109}"
EndProject
Project("{2150E333-8FDC-42A3-9474-1A3956D46DE8}") = "src", "src", "{0BC9D72F-9C51-466E-B2EF-2A8CE57EA77F}"
EndProject
Project("{2150E333-8FDC-42A3-9474-1A3956D46DE8}") = "core", "core", "{BD3EB674-9E53-4919-9226-7D21255ABEB9}"
EndProject
Project("{2150E333-8FDC-42A3-9474-1A3956D46DE8}") = "infrastructure", "infrastructure", "{F9A1F828-84BE-4204-8DC0-4E7226784F15}"
EndProject
Project("{FAE04EC0-301F-11D3-BF4B-00C04F79EFBC}") = "LawyerBasket.ProfileService.Api", "LawyerBasket.ProfileService\LawyerBasket.ProfileService.Api\LawyerBasket.ProfileService.Api.csproj", "{699D635F-D437-429D-844D-B111F257648C}"
EndProject
Project("{FAE04EC0-301F-11D3-BF4B-00C04F79EFBC}") = "LawyerBasket.ProfileService.Application", "LawyerBasket.ProfileService\LawyerBasket.ProfileService.Application\LawyerBasket.ProfileService.Application.csproj", "{48C3DA08-5303-464E-BE64-348108ADC471}"
EndProject
Project("{FAE04EC0-301F-11D3-BF4B-00C04F79EFBC}") = "LawyerBasket.ProfileService.Domain", "LawyerBasket.ProfileService\LawyerBasket.ProfileService.Domain\LawyerBasket.ProfileService.Domain.csproj", "{5A5FC154-836B-41F9-A28F-254F61E9443D}"
EndProject
Project("{FAE04EC0-301F-11D3-BF4B-00C04F79EFBC}") = "LawyerBasket.ProfileService.Data", "LawyerBasket.ProfileService\LawyerBasket.ProfileService.Data\LawyerBasket.ProfileService.Data.csproj", "{6C1FD2F3-07F1-404D-952B-AC334F42F90F}"
EndProject
Project("{FAE04EC0-301F-11D3-BF4B-00C04F79EFBC}") = "LawyerBasket.ProfileService.Infrastructure", "LawyerBasket.ProfileService\LawyerBasket.ProfileService.Infrastructure\LawyerBasket.ProfileService.Infrastructure.csproj", "{4488449C-341C-4C8E-99BE-075273C3DF22}"
EndProject
Project("{2150E333-8FDC-42A3-9474-1A3956D46DE8}") = "Solution Items", "Solution Items", "{8EC462FD-D22E-90A8-E5CE-7E832BA40C5D}"
	ProjectSection(SolutionItems) = preProject
		notes.txt = notes.txt
	EndProjectSection
EndProject
Project("{2150E333-8FDC-42A3-9474-1A3956D46DE8}") = "SocialService", "SocialService", "{8B18142E-18B0-4668-B5EF-4F50938109F4}"
EndProject
Project("{FAE04EC0-301F-11D3-BF4B-00C04F79EFBC}") = "LawyerBasket.SocialService.Api", "LawyerBasket.SocialService\LawyerBasket.SocialService.Api\LawyerBasket.SocialService.Api.csproj", "{11A76C3F-3EB3-4485-BE80-D09826F172AC}"
EndProject
Project("{2150E333-8FDC-42A3-9474-1A3956D46DE8}") = "api", "api", "{6F28BF7A-C8A5-42E2-8A5C-F9F04BAA46B8}"
EndProject
Project("{2150E333-8FDC-42A3-9474-1A3956D46DE8}") = "PostService", "PostService", "{C595A949-498C-4696-8D6D-01506705538F}"
EndProject
Project("{2150E333-8FDC-42A3-9474-1A3956D46DE8}") = "api", "api", "{4CFAB03B-5C44-46B3-A619-C3EFC4BE4ECE}"
EndProject
Project("{2150E333-8FDC-42A3-9474-1A3956D46DE8}") = "src", "src", "{D9B7B6CB-1DA2-462D-954A-566C83DF514C}"
EndProject
Project("{2150E333-8FDC-42A3-9474-1A3956D46DE8}") = "core", "core", "{457A9518-D96D-40F7-8346-CB9C4AADFFC3}"
EndProject
Project("{2150E333-8FDC-42A3-9474-1A3956D46DE8}") = "infrastructure", "infrastructure", "{6352817A-0DEA-4A30-96A5-F8D2DA81CE90}"
EndProject
Project("{FAE04EC0-301F-11D3-BF4B-00C04F79EFBC}") = "LawyerBasket.PostService.Api", "LawyerBasket.PostService\LawyerBasket.PostService.Api\LawyerBasket.PostService.Api.csproj", "{FBD9701B-724A-4053-96BA-77D22547594A}"
EndProject
Project("{FAE04EC0-301F-11D3-BF4B-00C04F79EFBC}") = "LawyerBasket.PostService.Application", "LawyerBasket.PostService\LawyerBasket.PostService.Application\LawyerBasket.PostService.Application.csproj", "{4169CB61-559D-438B-BB5B-62D283B7E638}"
EndProject
Project("{FAE04EC0-301F-11D3-BF4B-00C04F79EFBC}") = "LawyerBasket.PostService.Data", "LawyerBasket.PostService\LawyerBasket.PostService.Data\LawyerBasket.PostService.Data.csproj", "{A9AED6EA-2623-475F-927D-9F976FD9AD30}"
EndProject
Project("{FAE04EC0-301F-11D3-BF4B-00C04F79EFBC}") = "LawyerBasket.PostService.Domain", "LawyerBasket.PostService\LawyerBasket.PostService.Domain\LawyerBasket.PostService.Domain.csproj", "{8C692368-D17C-546B-5D09-B2097F9F030B}"
EndProject
Project("{2150E333-8FDC-42A3-9474-1A3956D46DE8}") = "shared", "shared", "{562569D6-9F43-4DC7-B599-6AE9EBD2AB92}"
EndProject
Project("{FAE04EC0-301F-11D3-BF4B-00C04F79EFBC}") = "LawyerBasket.Shared.Common", "LawyerBasket.Shared\LawyerBasket.Shared.Common\LawyerBasket.Shared.Common.csproj", "{1BA349DB-C26B-46E9-9573-40F56F9120FC}"
EndProject
Project("{FAE04EC0-301F-11D3-BF4B-00C04F79EFBC}") = "LawyerBasket.PostService.Infrastructure", "LawyerBasket.PostService\LawyerBasket.PostService.Infrastructure\LawyerBasket.PostService.Infrastructure.csproj", "{BB115C8C-CCA7-44FE-A804-6F1BD690F3B4}"
EndProject
Global
	GlobalSection(SolutionConfigurationPlatforms) = preSolution
		Debug|Any CPU = Debug|Any CPU
		Release|Any CPU = Release|Any CPU
	EndGlobalSection
	GlobalSection(ProjectConfigurationPlatforms) = postSolution
		{52FA0137-F336-41F3-8490-BA888F5E8DCA}.Debug|Any CPU.ActiveCfg = Debug|Any CPU
		{52FA0137-F336-41F3-8490-BA888F5E8DCA}.Debug|Any CPU.Build.0 = Debug|Any CPU
		{52FA0137-F336-41F3-8490-BA888F5E8DCA}.Release|Any CPU.ActiveCfg = Release|Any CPU
		{52FA0137-F336-41F3-8490-BA888F5E8DCA}.Release|Any CPU.Build.0 = Release|Any CPU
		{F58FA0B8-220F-4785-81CD-6854CA23ACB6}.Debug|Any CPU.ActiveCfg = Debug|Any CPU
		{F58FA0B8-220F-4785-81CD-6854CA23ACB6}.Debug|Any CPU.Build.0 = Debug|Any CPU
		{F58FA0B8-220F-4785-81CD-6854CA23ACB6}.Release|Any CPU.ActiveCfg = Release|Any CPU
		{F58FA0B8-220F-4785-81CD-6854CA23ACB6}.Release|Any CPU.Build.0 = Release|Any CPU
		{9AB99FEA-F5D0-4B3D-A58F-65376D97CADA}.Debug|Any CPU.ActiveCfg = Debug|Any CPU
		{9AB99FEA-F5D0-4B3D-A58F-65376D97CADA}.Debug|Any CPU.Build.0 = Debug|Any CPU
		{9AB99FEA-F5D0-4B3D-A58F-65376D97CADA}.Release|Any CPU.ActiveCfg = Release|Any CPU
		{9AB99FEA-F5D0-4B3D-A58F-65376D97CADA}.Release|Any CPU.Build.0 = Release|Any CPU
		{8D2607C5-1CA3-489D-B72D-37F4D96A69C3}.Debug|Any CPU.ActiveCfg = Debug|Any CPU
		{8D2607C5-1CA3-489D-B72D-37F4D96A69C3}.Debug|Any CPU.Build.0 = Debug|Any CPU
		{8D2607C5-1CA3-489D-B72D-37F4D96A69C3}.Release|Any CPU.ActiveCfg = Release|Any CPU
		{8D2607C5-1CA3-489D-B72D-37F4D96A69C3}.Release|Any CPU.Build.0 = Release|Any CPU
		{22E2EE68-70C0-4A75-980E-1B4164D6A548}.Debug|Any CPU.ActiveCfg = Debug|Any CPU
		{22E2EE68-70C0-4A75-980E-1B4164D6A548}.Debug|Any CPU.Build.0 = Debug|Any CPU
		{22E2EE68-70C0-4A75-980E-1B4164D6A548}.Release|Any CPU.ActiveCfg = Release|Any CPU
		{22E2EE68-70C0-4A75-980E-1B4164D6A548}.Release|Any CPU.Build.0 = Release|Any CPU
		{699D635F-D437-429D-844D-B111F257648C}.Debug|Any CPU.ActiveCfg = Debug|Any CPU
		{699D635F-D437-429D-844D-B111F257648C}.Debug|Any CPU.Build.0 = Debug|Any CPU
		{699D635F-D437-429D-844D-B111F257648C}.Release|Any CPU.ActiveCfg = Release|Any CPU
		{699D635F-D437-429D-844D-B111F257648C}.Release|Any CPU.Build.0 = Release|Any CPU
		{48C3DA08-5303-464E-BE64-348108ADC471}.Debug|Any CPU.ActiveCfg = Debug|Any CPU
		{48C3DA08-5303-464E-BE64-348108ADC471}.Debug|Any CPU.Build.0 = Debug|Any CPU
		{48C3DA08-5303-464E-BE64-348108ADC471}.Release|Any CPU.ActiveCfg = Release|Any CPU
		{48C3DA08-5303-464E-BE64-348108ADC471}.Release|Any CPU.Build.0 = Release|Any CPU
		{5A5FC154-836B-41F9-A28F-254F61E9443D}.Debug|Any CPU.ActiveCfg = Debug|Any CPU
		{5A5FC154-836B-41F9-A28F-254F61E9443D}.Debug|Any CPU.Build.0 = Debug|Any CPU
		{5A5FC154-836B-41F9-A28F-254F61E9443D}.Release|Any CPU.ActiveCfg = Release|Any CPU
		{5A5FC154-836B-41F9-A28F-254F61E9443D}.Release|Any CPU.Build.0 = Release|Any CPU
		{6C1FD2F3-07F1-404D-952B-AC334F42F90F}.Debug|Any CPU.ActiveCfg = Debug|Any CPU
		{6C1FD2F3-07F1-404D-952B-AC334F42F90F}.Debug|Any CPU.Build.0 = Debug|Any CPU
		{6C1FD2F3-07F1-404D-952B-AC334F42F90F}.Release|Any CPU.ActiveCfg = Release|Any CPU
		{6C1FD2F3-07F1-404D-952B-AC334F42F90F}.Release|Any CPU.Build.0 = Release|Any CPU
		{4488449C-341C-4C8E-99BE-075273C3DF22}.Debug|Any CPU.ActiveCfg = Debug|Any CPU
		{4488449C-341C-4C8E-99BE-075273C3DF22}.Debug|Any CPU.Build.0 = Debug|Any CPU
		{4488449C-341C-4C8E-99BE-075273C3DF22}.Release|Any CPU.ActiveCfg = Release|Any CPU
		{4488449C-341C-4C8E-99BE-075273C3DF22}.Release|Any CPU.Build.0 = Release|Any CPU
		{11A76C3F-3EB3-4485-BE80-D09826F172AC}.Debug|Any CPU.ActiveCfg = Debug|Any CPU
		{11A76C3F-3EB3-4485-BE80-D09826F172AC}.Debug|Any CPU.Build.0 = Debug|Any CPU
		{11A76C3F-3EB3-4485-BE80-D09826F172AC}.Release|Any CPU.ActiveCfg = Release|Any CPU
		{11A76C3F-3EB3-4485-BE80-D09826F172AC}.Release|Any CPU.Build.0 = Release|Any CPU
		{FBD9701B-724A-4053-96BA-77D22547594A}.Debug|Any CPU.ActiveCfg = Debug|Any CPU
		{FBD9701B-724A-4053-96BA-77D22547594A}.Debug|Any CPU.Build.0 = Debug|Any CPU
		{FBD9701B-724A-4053-96BA-77D22547594A}.Release|Any CPU.ActiveCfg = Release|Any CPU
		{FBD9701B-724A-4053-96BA-77D22547594A}.Release|Any CPU.Build.0 = Release|Any CPU
		{4169CB61-559D-438B-BB5B-62D283B7E638}.Debug|Any CPU.ActiveCfg = Debug|Any CPU
		{4169CB61-559D-438B-BB5B-62D283B7E638}.Debug|Any CPU.Build.0 = Debug|Any CPU
		{4169CB61-559D-438B-BB5B-62D283B7E638}.Release|Any CPU.ActiveCfg = Release|Any CPU
		{4169CB61-559D-438B-BB5B-62D283B7E638}.Release|Any CPU.Build.0 = Release|Any CPU
		{A9AED6EA-2623-475F-927D-9F976FD9AD30}.Debug|Any CPU.ActiveCfg = Debug|Any CPU
		{A9AED6EA-2623-475F-927D-9F976FD9AD30}.Debug|Any CPU.Build.0 = Debug|Any CPU
		{A9AED6EA-2623-475F-927D-9F976FD9AD30}.Release|Any CPU.ActiveCfg = Release|Any CPU
		{A9AED6EA-2623-475F-927D-9F976FD9AD30}.Release|Any CPU.Build.0 = Release|Any CPU
		{8C692368-D17C-546B-5D09-B2097F9F030B}.Debug|Any CPU.ActiveCfg = Debug|Any CPU
		{8C692368-D17C-546B-5D09-B2097F9F030B}.Debug|Any CPU.Build.0 = Debug|Any CPU
		{8C692368-D17C-546B-5D09-B2097F9F030B}.Release|Any CPU.ActiveCfg = Release|Any CPU
		{8C692368-D17C-546B-5D09-B2097F9F030B}.Release|Any CPU.Build.0 = Release|Any CPU
		{1BA349DB-C26B-46E9-9573-40F56F9120FC}.Debug|Any CPU.ActiveCfg = Debug|Any CPU
		{1BA349DB-C26B-46E9-9573-40F56F9120FC}.Debug|Any CPU.Build.0 = Debug|Any CPU
		{1BA349DB-C26B-46E9-9573-40F56F9120FC}.Release|Any CPU.ActiveCfg = Release|Any CPU
		{1BA349DB-C26B-46E9-9573-40F56F9120FC}.Release|Any CPU.Build.0 = Release|Any CPU
		{BB115C8C-CCA7-44FE-A804-6F1BD690F3B4}.Debug|Any CPU.ActiveCfg = Debug|Any CPU
		{BB115C8C-CCA7-44FE-A804-6F1BD690F3B4}.Debug|Any CPU.Build.0 = Debug|Any CPU
		{BB115C8C-CCA7-44FE-A804-6F1BD690F3B4}.Release|Any CPU.ActiveCfg = Release|Any CPU
		{BB115C8C-CCA7-44FE-A804-6F1BD690F3B4}.Release|Any CPU.Build.0 = Release|Any CPU
	EndGlobalSection
	GlobalSection(SolutionProperties) = preSolution
		HideSolutionNode = FALSE
	EndGlobalSection
	GlobalSection(NestedProjects) = preSolution
		{74B566B6-CEFE-4AEF-B738-42702A400E21} = {02EA681E-C7D8-13C7-8484-4AC65E1B71E8}
		{2C7F91B7-5746-474D-A100-16C90BA78110} = {74B566B6-CEFE-4AEF-B738-42702A400E21}
		{F27622F5-F43D-4950-908E-F0F41ABDB8BA} = {74B566B6-CEFE-4AEF-B738-42702A400E21}
		{2657CEA3-0E45-4090-AFED-04B74D551962} = {F27622F5-F43D-4950-908E-F0F41ABDB8BA}
		{E4010F3C-C5C5-4DC4-AB17-E03CC2491CE2} = {F27622F5-F43D-4950-908E-F0F41ABDB8BA}
		{52FA0137-F336-41F3-8490-BA888F5E8DCA} = {2C7F91B7-5746-474D-A100-16C90BA78110}
		{F58FA0B8-220F-4785-81CD-6854CA23ACB6} = {2657CEA3-0E45-4090-AFED-04B74D551962}
		{9AB99FEA-F5D0-4B3D-A58F-65376D97CADA} = {E4010F3C-C5C5-4DC4-AB17-E03CC2491CE2}
		{8D2607C5-1CA3-489D-B72D-37F4D96A69C3} = {2657CEA3-0E45-4090-AFED-04B74D551962}
		{22E2EE68-70C0-4A75-980E-1B4164D6A548} = {E4010F3C-C5C5-4DC4-AB17-E03CC2491CE2}
		{BA8D80C9-AE57-4C69-93F5-F7F664EB12E1} = {02EA681E-C7D8-13C7-8484-4AC65E1B71E8}
		{FDB8EB4D-CC2A-4D5C-8F15-F361D2674109} = {BA8D80C9-AE57-4C69-93F5-F7F664EB12E1}
		{0BC9D72F-9C51-466E-B2EF-2A8CE57EA77F} = {BA8D80C9-AE57-4C69-93F5-F7F664EB12E1}
		{BD3EB674-9E53-4919-9226-7D21255ABEB9} = {0BC9D72F-9C51-466E-B2EF-2A8CE57EA77F}
		{F9A1F828-84BE-4204-8DC0-4E7226784F15} = {0BC9D72F-9C51-466E-B2EF-2A8CE57EA77F}
		{699D635F-D437-429D-844D-B111F257648C} = {FDB8EB4D-CC2A-4D5C-8F15-F361D2674109}
		{48C3DA08-5303-464E-BE64-348108ADC471} = {BD3EB674-9E53-4919-9226-7D21255ABEB9}
		{5A5FC154-836B-41F9-A28F-254F61E9443D} = {BD3EB674-9E53-4919-9226-7D21255ABEB9}
		{6C1FD2F3-07F1-404D-952B-AC334F42F90F} = {F9A1F828-84BE-4204-8DC0-4E7226784F15}
		{4488449C-341C-4C8E-99BE-075273C3DF22} = {F9A1F828-84BE-4204-8DC0-4E7226784F15}
		{8B18142E-18B0-4668-B5EF-4F50938109F4} = {02EA681E-C7D8-13C7-8484-4AC65E1B71E8}
		{11A76C3F-3EB3-4485-BE80-D09826F172AC} = {6F28BF7A-C8A5-42E2-8A5C-F9F04BAA46B8}
		{6F28BF7A-C8A5-42E2-8A5C-F9F04BAA46B8} = {8B18142E-18B0-4668-B5EF-4F50938109F4}
		{C595A949-498C-4696-8D6D-01506705538F} = {02EA681E-C7D8-13C7-8484-4AC65E1B71E8}
		{4CFAB03B-5C44-46B3-A619-C3EFC4BE4ECE} = {C595A949-498C-4696-8D6D-01506705538F}
		{D9B7B6CB-1DA2-462D-954A-566C83DF514C} = {C595A949-498C-4696-8D6D-01506705538F}
		{457A9518-D96D-40F7-8346-CB9C4AADFFC3} = {D9B7B6CB-1DA2-462D-954A-566C83DF514C}
		{6352817A-0DEA-4A30-96A5-F8D2DA81CE90} = {D9B7B6CB-1DA2-462D-954A-566C83DF514C}
		{FBD9701B-724A-4053-96BA-77D22547594A} = {4CFAB03B-5C44-46B3-A619-C3EFC4BE4ECE}
		{4169CB61-559D-438B-BB5B-62D283B7E638} = {457A9518-D96D-40F7-8346-CB9C4AADFFC3}
		{A9AED6EA-2623-475F-927D-9F976FD9AD30} = {6352817A-0DEA-4A30-96A5-F8D2DA81CE90}
		{8C692368-D17C-546B-5D09-B2097F9F030B} = {457A9518-D96D-40F7-8346-CB9C4AADFFC3}
		{1BA349DB-C26B-46E9-9573-40F56F9120FC} = {562569D6-9F43-4DC7-B599-6AE9EBD2AB92}
		{BB115C8C-CCA7-44FE-A804-6F1BD690F3B4} = {6352817A-0DEA-4A30-96A5-F8D2DA81CE90}
	EndGlobalSection
	GlobalSection(ExtensibilityGlobals) = postSolution
		SolutionGuid = {AA1C4097-169A-473F-83DC-B719E7F3182A}
	EndGlobalSection
EndGlobal
